
Microsoft Visual Studio Solution File, Format Version 12.00
# Visual Studio 15
VisualStudioVersion = 15.0.28010.2026
MinimumVisualStudioVersion = 10.0.40219.1
Project("{FAE04EC0-301F-11D3-BF4B-00C04F79EFBC}") = "es git hub", "es git hub\es git hub.csproj", "{C82797F3-D052-4868-A4DF-09416356FB03}"
EndProject
Global
	GlobalSection(SolutionConfigurationPlatforms) = preSolution
		Debug|Any CPU = Debug|Any CPU
		Release|Any CPU = Release|Any CPU
	EndGlobalSection
	GlobalSection(ProjectConfigurationPlatforms) = postSolution
		{C82797F3-D052-4868-A4DF-09416356FB03}.Debug|Any CPU.ActiveCfg = Debug|Any CPU
		{C82797F3-D052-4868-A4DF-09416356FB03}.Debug|Any CPU.Build.0 = Debug|Any CPU
		{C82797F3-D052-4868-A4DF-09416356FB03}.Release|Any CPU.ActiveCfg = Release|Any CPU
		{C82797F3-D052-4868-A4DF-09416356FB03}.Release|Any CPU.Build.0 = Release|Any CPU
	EndGlobalSection
	GlobalSection(SolutionProperties) = preSolution
		HideSolutionNode = FALSE
	EndGlobalSection
	GlobalSection(ExtensibilityGlobals) = postSolution
		SolutionGuid = {E7BE1B33-0A5B-4898-ACE8-B39A6B7261DA}
	EndGlobalSection
EndGlobal
